<?xml version="1.0" encoding="utf-8"?>
<Project ToolsVersion="4.0" xmlns="http://schemas.microsoft.com/developer/msbuild/2003">
  <ItemGroup>
    <ClCompile Include="LinkedListReader.cpp" />
    <ClCompile Include="login.cpp" />
    <ClCompile Include="logout.cpp" />
    <ClCompile Include="main.cpp" />
    <ClCompile Include="menu.cpp" />
    <ClCompile Include="reader.cpp" />
    <ClCompile Include="User.cpp" />
    <ClCompile Include="utility.cpp" />
    <ClCompile Include="function.cpp" />
  </ItemGroup>
  <ItemGroup>
    <ClInclude Include="const.h" />
    <ClInclude Include="LinkedListReader.h" />
    <ClInclude Include="login.h" />
    <ClInclude Include="logout.h" />
    <ClInclude Include="menu.h" />
    <ClInclude Include="reader.h" />
    <ClInclude Include="User.h" />
    <ClInclude Include="utility.h" />
    <ClInclude Include="function.h" />
  </ItemGroup>
  <ItemGroup>
    <None Include="reader.dat" />
    <None Include="user.dat" />
  </ItemGroup>
</Project>